
Microsoft Visual Studio Solution File, Format Version 12.00
# Visual Studio Version 17
VisualStudioVersion = 17.0.32014.148
MinimumVisualStudioVersion = 10.0.40219.1
Project("{FAE04EC0-301F-11D3-BF4B-00C04F79EFBC}") = "SOLID2", "SOLID2\SOLID2.csproj", "{AE54CCF6-3C23-4DE0-92CD-699EE753CBA3}"
EndProject
Global
	GlobalSection(SolutionConfigurationPlatforms) = preSolution
		Debug|Any CPU = Debug|Any CPU
		Release|Any CPU = Release|Any CPU
	EndGlobalSection
	GlobalSection(ProjectConfigurationPlatforms) = postSolution
		{AE54CCF6-3C23-4DE0-92CD-699EE753CBA3}.Debug|Any CPU.ActiveCfg = Debug|Any CPU
		{AE54CCF6-3C23-4DE0-92CD-699EE753CBA3}.Debug|Any CPU.Build.0 = Debug|Any CPU
		{AE54CCF6-3C23-4DE0-92CD-699EE753CBA3}.Release|Any CPU.ActiveCfg = Release|Any CPU
		{AE54CCF6-3C23-4DE0-92CD-699EE753CBA3}.Release|Any CPU.Build.0 = Release|Any CPU
	EndGlobalSection
	GlobalSection(SolutionProperties) = preSolution
		HideSolutionNode = FALSE
	EndGlobalSection
	GlobalSection(ExtensibilityGlobals) = postSolution
		SolutionGuid = {1AE78D84-3FA9-41C9-A554-8142B6544D0C}
	EndGlobalSection
EndGlobal
